
Microsoft Visual Studio Solution File, Format Version 12.00
# Visual Studio Version 17
VisualStudioVersion = 17.3.32922.545
MinimumVisualStudioVersion = 10.0.40219.1
Project("{2150E333-8FDC-42A3-9474-1A3956D46DE8}") = "Solution Items", "Solution Items", "{5616E743-AA5E-43C5-BA28-99BCDE8645ED}"
	ProjectSection(SolutionItems) = preProject
		ServiceUrls.txt = ServiceUrls.txt
	EndProjectSection
EndProject
Project("{2150E333-8FDC-42A3-9474-1A3956D46DE8}") = "src", "src", "{79B79BDA-8636-499A-82A4-DBBF85F269B7}"
EndProject
Project("{2150E333-8FDC-42A3-9474-1A3956D46DE8}") = "BuildingBlocks", "BuildingBlocks", "{CCF67431-2E06-43CB-95C6-8BC98BE8CAED}"
EndProject
Project("{2150E333-8FDC-42A3-9474-1A3956D46DE8}") = "EventBus", "EventBus", "{A6C72259-F056-4A64-ADFE-5DC31460A02E}"
EndProject
Project("{9A19103F-16F7-4668-BE54-9A1E7A4F7556}") = "EventBus.Base", "src\BuildingBlocks\EventBus\EventBus.Base\EventBus.Base.csproj", "{0911F91E-065F-43CD-8E95-D072F48B563D}"
EndProject
Project("{9A19103F-16F7-4668-BE54-9A1E7A4F7556}") = "EventBus.AzureServiceBus", "src\BuildingBlocks\EventBus\EventBus.AzureServiceBus\EventBus.AzureServiceBus.csproj", "{E87C325D-0E9C-488E-BCF7-A37147407CA0}"
EndProject
Project("{9A19103F-16F7-4668-BE54-9A1E7A4F7556}") = "EventBus.RabbitMQ", "src\BuildingBlocks\EventBus\EventBus.RabbitMQ\EventBus.RabbitMQ.csproj", "{AD1A1D8D-5B5B-4B04-844E-A03B618095AD}"
EndProject
Project("{9A19103F-16F7-4668-BE54-9A1E7A4F7556}") = "EventBus.Factory", "src\BuildingBlocks\EventBus\EventBus.Factory\EventBus.Factory.csproj", "{E231E0C9-7A3A-4447-8756-0018DB521397}"
EndProject
Project("{2150E333-8FDC-42A3-9474-1A3956D46DE8}") = "tests", "tests", "{49FEB470-AD8A-46CF-B04B-7D6D342D7AD1}"
EndProject
Project("{2150E333-8FDC-42A3-9474-1A3956D46DE8}") = "BuildingBlocks", "BuildingBlocks", "{C523E5E6-8A34-440C-974C-5F466FCCC5AF}"
EndProject
Project("{9A19103F-16F7-4668-BE54-9A1E7A4F7556}") = "EventBus.UnitTest", "tests\BuildingBlocks\EventBus.UnitTest\EventBus.UnitTest.csproj", "{FE7B96A6-3BE6-4AFC-B502-29FF69C9464D}"
EndProject
Project("{2150E333-8FDC-42A3-9474-1A3956D46DE8}") = "Services", "Services", "{C67057AC-E740-494D-9C66-DB3110BECB4A}"
EndProject
Project("{2150E333-8FDC-42A3-9474-1A3956D46DE8}") = "Clients", "Clients", "{BD7E466B-E2E4-4CF0-82F1-24FEB62E14DC}"
EndProject
Project("{2150E333-8FDC-42A3-9474-1A3956D46DE8}") = "WebApp", "WebApp", "{B51712B8-63D3-4E7F-8398-951FD7D62F0A}"
EndProject
Project("{9A19103F-16F7-4668-BE54-9A1E7A4F7556}") = "BlazorWebApp", "src\Clients\WebApp\BlazorWebApp\BlazorWebApp.csproj", "{1397E9A5-C7B2-496F-9BA9-C07F6B6AD0A6}"
EndProject
Project("{9A19103F-16F7-4668-BE54-9A1E7A4F7556}") = "OrderService.Api", "src\Services\OrderService.Api\OrderService.Api.csproj", "{EE0623F1-4443-4916-9ADB-14FEA6772E14}"
EndProject
Project("{9A19103F-16F7-4668-BE54-9A1E7A4F7556}") = "ProductService.Api", "src\Services\CatalogService.Api\ProductService.Api.csproj", "{C52E9C28-C14B-4A2A-8926-99175283AFEB}"
EndProject
Project("{9A19103F-16F7-4668-BE54-9A1E7A4F7556}") = "PaymentService.Api", "src\Services\PaymentService.Api\PaymentService.Api.csproj", "{E5630499-D9CA-42BD-AEEB-6F301DC30D82}"
EndProject
Project("{9A19103F-16F7-4668-BE54-9A1E7A4F7556}") = "NotificationService.ConsoleApp", "src\Services\NotificationService.ConsoleApp\NotificationService.ConsoleApp.csproj", "{177DC36D-F5EC-44BD-9BBC-33DC23C0D663}"
EndProject
Project("{9A19103F-16F7-4668-BE54-9A1E7A4F7556}") = "IdentityService.Api", "src\Services\IdentityService.Api\IdentityService.Api.csproj", "{5BC490BE-899A-40D8-B014-1E4D3BBD4D52}"
EndProject
Project("{2150E333-8FDC-42A3-9474-1A3956D46DE8}") = "ApiGateways", "ApiGateways", "{DA089C21-5504-4FFC-878F-C2529BDFC40F}"
EndProject
Project("{2150E333-8FDC-42A3-9474-1A3956D46DE8}") = "WebApiGateway", "WebApiGateway", "{D64F03C8-CD88-4D17-99FC-A7EDA1F8F9AA}"
EndProject
Project("{9A19103F-16F7-4668-BE54-9A1E7A4F7556}") = "Web.ApiGateway", "src\ApiGateways\WebApiGateway\Web.ApiGateway\Web.ApiGateway.csproj", "{0B74AEE5-A2AE-4BC8-B57A-3878AA7DEC2C}"
EndProject
Project("{FAE04EC0-301F-11D3-BF4B-00C04F79EFBC}") = "BasketService.Api", "src\Services\BasketService.Api\BasketService.Api.csproj", "{B7172A74-4238-4C12-A6DB-1AEB5D3FCD8D}"
EndProject
Global
	GlobalSection(SolutionConfigurationPlatforms) = preSolution
		Debug|Any CPU = Debug|Any CPU
		Release|Any CPU = Release|Any CPU
	EndGlobalSection
	GlobalSection(ProjectConfigurationPlatforms) = postSolution
		{0911F91E-065F-43CD-8E95-D072F48B563D}.Debug|Any CPU.ActiveCfg = Debug|Any CPU
		{0911F91E-065F-43CD-8E95-D072F48B563D}.Debug|Any CPU.Build.0 = Debug|Any CPU
		{0911F91E-065F-43CD-8E95-D072F48B563D}.Release|Any CPU.ActiveCfg = Release|Any CPU
		{0911F91E-065F-43CD-8E95-D072F48B563D}.Release|Any CPU.Build.0 = Release|Any CPU
		{E87C325D-0E9C-488E-BCF7-A37147407CA0}.Debug|Any CPU.ActiveCfg = Debug|Any CPU
		{E87C325D-0E9C-488E-BCF7-A37147407CA0}.Debug|Any CPU.Build.0 = Debug|Any CPU
		{E87C325D-0E9C-488E-BCF7-A37147407CA0}.Release|Any CPU.ActiveCfg = Release|Any CPU
		{E87C325D-0E9C-488E-BCF7-A37147407CA0}.Release|Any CPU.Build.0 = Release|Any CPU
		{AD1A1D8D-5B5B-4B04-844E-A03B618095AD}.Debug|Any CPU.ActiveCfg = Debug|Any CPU
		{AD1A1D8D-5B5B-4B04-844E-A03B618095AD}.Debug|Any CPU.Build.0 = Debug|Any CPU
		{AD1A1D8D-5B5B-4B04-844E-A03B618095AD}.Release|Any CPU.ActiveCfg = Release|Any CPU
		{AD1A1D8D-5B5B-4B04-844E-A03B618095AD}.Release|Any CPU.Build.0 = Release|Any CPU
		{E231E0C9-7A3A-4447-8756-0018DB521397}.Debug|Any CPU.ActiveCfg = Debug|Any CPU
		{E231E0C9-7A3A-4447-8756-0018DB521397}.Debug|Any CPU.Build.0 = Debug|Any CPU
		{E231E0C9-7A3A-4447-8756-0018DB521397}.Release|Any CPU.ActiveCfg = Release|Any CPU
		{E231E0C9-7A3A-4447-8756-0018DB521397}.Release|Any CPU.Build.0 = Release|Any CPU
		{FE7B96A6-3BE6-4AFC-B502-29FF69C9464D}.Debug|Any CPU.ActiveCfg = Debug|Any CPU
		{FE7B96A6-3BE6-4AFC-B502-29FF69C9464D}.Debug|Any CPU.Build.0 = Debug|Any CPU
		{FE7B96A6-3BE6-4AFC-B502-29FF69C9464D}.Release|Any CPU.ActiveCfg = Release|Any CPU
		{FE7B96A6-3BE6-4AFC-B502-29FF69C9464D}.Release|Any CPU.Build.0 = Release|Any CPU
		{1397E9A5-C7B2-496F-9BA9-C07F6B6AD0A6}.Debug|Any CPU.ActiveCfg = Debug|Any CPU
		{1397E9A5-C7B2-496F-9BA9-C07F6B6AD0A6}.Debug|Any CPU.Build.0 = Debug|Any CPU
		{1397E9A5-C7B2-496F-9BA9-C07F6B6AD0A6}.Release|Any CPU.ActiveCfg = Release|Any CPU
		{1397E9A5-C7B2-496F-9BA9-C07F6B6AD0A6}.Release|Any CPU.Build.0 = Release|Any CPU
		{EE0623F1-4443-4916-9ADB-14FEA6772E14}.Debug|Any CPU.ActiveCfg = Debug|Any CPU
		{EE0623F1-4443-4916-9ADB-14FEA6772E14}.Debug|Any CPU.Build.0 = Debug|Any CPU
		{EE0623F1-4443-4916-9ADB-14FEA6772E14}.Release|Any CPU.ActiveCfg = Release|Any CPU
		{EE0623F1-4443-4916-9ADB-14FEA6772E14}.Release|Any CPU.Build.0 = Release|Any CPU
		{C52E9C28-C14B-4A2A-8926-99175283AFEB}.Debug|Any CPU.ActiveCfg = Debug|Any CPU
		{C52E9C28-C14B-4A2A-8926-99175283AFEB}.Debug|Any CPU.Build.0 = Debug|Any CPU
		{C52E9C28-C14B-4A2A-8926-99175283AFEB}.Release|Any CPU.ActiveCfg = Release|Any CPU
		{C52E9C28-C14B-4A2A-8926-99175283AFEB}.Release|Any CPU.Build.0 = Release|Any CPU
		{E5630499-D9CA-42BD-AEEB-6F301DC30D82}.Debug|Any CPU.ActiveCfg = Debug|Any CPU
		{E5630499-D9CA-42BD-AEEB-6F301DC30D82}.Debug|Any CPU.Build.0 = Debug|Any CPU
		{E5630499-D9CA-42BD-AEEB-6F301DC30D82}.Release|Any CPU.ActiveCfg = Release|Any CPU
		{E5630499-D9CA-42BD-AEEB-6F301DC30D82}.Release|Any CPU.Build.0 = Release|Any CPU
		{177DC36D-F5EC-44BD-9BBC-33DC23C0D663}.Debug|Any CPU.ActiveCfg = Debug|Any CPU
		{177DC36D-F5EC-44BD-9BBC-33DC23C0D663}.Debug|Any CPU.Build.0 = Debug|Any CPU
		{177DC36D-F5EC-44BD-9BBC-33DC23C0D663}.Release|Any CPU.ActiveCfg = Release|Any CPU
		{177DC36D-F5EC-44BD-9BBC-33DC23C0D663}.Release|Any CPU.Build.0 = Release|Any CPU
		{5BC490BE-899A-40D8-B014-1E4D3BBD4D52}.Debug|Any CPU.ActiveCfg = Debug|Any CPU
		{5BC490BE-899A-40D8-B014-1E4D3BBD4D52}.Debug|Any CPU.Build.0 = Debug|Any CPU
		{5BC490BE-899A-40D8-B014-1E4D3BBD4D52}.Release|Any CPU.ActiveCfg = Release|Any CPU
		{5BC490BE-899A-40D8-B014-1E4D3BBD4D52}.Release|Any CPU.Build.0 = Release|Any CPU
		{0B74AEE5-A2AE-4BC8-B57A-3878AA7DEC2C}.Debug|Any CPU.ActiveCfg = Debug|Any CPU
		{0B74AEE5-A2AE-4BC8-B57A-3878AA7DEC2C}.Debug|Any CPU.Build.0 = Debug|Any CPU
		{0B74AEE5-A2AE-4BC8-B57A-3878AA7DEC2C}.Release|Any CPU.ActiveCfg = Release|Any CPU
		{0B74AEE5-A2AE-4BC8-B57A-3878AA7DEC2C}.Release|Any CPU.Build.0 = Release|Any CPU
		{B7172A74-4238-4C12-A6DB-1AEB5D3FCD8D}.Debug|Any CPU.ActiveCfg = Debug|Any CPU
		{B7172A74-4238-4C12-A6DB-1AEB5D3FCD8D}.Debug|Any CPU.Build.0 = Debug|Any CPU
		{B7172A74-4238-4C12-A6DB-1AEB5D3FCD8D}.Release|Any CPU.ActiveCfg = Release|Any CPU
		{B7172A74-4238-4C12-A6DB-1AEB5D3FCD8D}.Release|Any CPU.Build.0 = Release|Any CPU
	EndGlobalSection
	GlobalSection(SolutionProperties) = preSolution
		HideSolutionNode = FALSE
	EndGlobalSection
	GlobalSection(NestedProjects) = preSolution
		{CCF67431-2E06-43CB-95C6-8BC98BE8CAED} = {79B79BDA-8636-499A-82A4-DBBF85F269B7}
		{A6C72259-F056-4A64-ADFE-5DC31460A02E} = {CCF67431-2E06-43CB-95C6-8BC98BE8CAED}
		{0911F91E-065F-43CD-8E95-D072F48B563D} = {A6C72259-F056-4A64-ADFE-5DC31460A02E}
		{E87C325D-0E9C-488E-BCF7-A37147407CA0} = {A6C72259-F056-4A64-ADFE-5DC31460A02E}
		{AD1A1D8D-5B5B-4B04-844E-A03B618095AD} = {A6C72259-F056-4A64-ADFE-5DC31460A02E}
		{E231E0C9-7A3A-4447-8756-0018DB521397} = {A6C72259-F056-4A64-ADFE-5DC31460A02E}
		{C523E5E6-8A34-440C-974C-5F466FCCC5AF} = {49FEB470-AD8A-46CF-B04B-7D6D342D7AD1}
		{FE7B96A6-3BE6-4AFC-B502-29FF69C9464D} = {C523E5E6-8A34-440C-974C-5F466FCCC5AF}
		{C67057AC-E740-494D-9C66-DB3110BECB4A} = {79B79BDA-8636-499A-82A4-DBBF85F269B7}
		{BD7E466B-E2E4-4CF0-82F1-24FEB62E14DC} = {79B79BDA-8636-499A-82A4-DBBF85F269B7}
		{B51712B8-63D3-4E7F-8398-951FD7D62F0A} = {BD7E466B-E2E4-4CF0-82F1-24FEB62E14DC}
		{1397E9A5-C7B2-496F-9BA9-C07F6B6AD0A6} = {B51712B8-63D3-4E7F-8398-951FD7D62F0A}
		{EE0623F1-4443-4916-9ADB-14FEA6772E14} = {C67057AC-E740-494D-9C66-DB3110BECB4A}
		{C52E9C28-C14B-4A2A-8926-99175283AFEB} = {C67057AC-E740-494D-9C66-DB3110BECB4A}
		{E5630499-D9CA-42BD-AEEB-6F301DC30D82} = {C67057AC-E740-494D-9C66-DB3110BECB4A}
		{177DC36D-F5EC-44BD-9BBC-33DC23C0D663} = {C67057AC-E740-494D-9C66-DB3110BECB4A}
		{5BC490BE-899A-40D8-B014-1E4D3BBD4D52} = {C67057AC-E740-494D-9C66-DB3110BECB4A}
		{DA089C21-5504-4FFC-878F-C2529BDFC40F} = {79B79BDA-8636-499A-82A4-DBBF85F269B7}
		{D64F03C8-CD88-4D17-99FC-A7EDA1F8F9AA} = {DA089C21-5504-4FFC-878F-C2529BDFC40F}
		{0B74AEE5-A2AE-4BC8-B57A-3878AA7DEC2C} = {D64F03C8-CD88-4D17-99FC-A7EDA1F8F9AA}
		{B7172A74-4238-4C12-A6DB-1AEB5D3FCD8D} = {C67057AC-E740-494D-9C66-DB3110BECB4A}
	EndGlobalSection
	GlobalSection(ExtensibilityGlobals) = postSolution
		SolutionGuid = {D47C4397-ACC5-435A-97F8-E3A72BBF5815}
	EndGlobalSection
EndGlobal
